{
    "_readme": [
        "This file locks the dependencies of your project to a known state",
        "Read more about it at https://getcomposer.org/doc/01-basic-usage.md#composer-lock-the-lock-file",
        "This file is @generated automatically"
    ],
    "content-hash": "239a878608a0884ff2a72f046f105a32",
    "packages": [
        {
            "name": "graylog2/gelf-php",
            "version": "1.4.2",
            "source": {
                "type": "git",
                "url": "https://github.com/bzikarsky/gelf-php.git",
                "reference": "cd9a7849a7d968a994ce619f190aa6b785858b56"
            },
            "dist": {
                "type": "zip",
                "url": "https://api.github.com/repos/bzikarsky/gelf-php/zipball/cd9a7849a7d968a994ce619f190aa6b785858b56",
                "reference": "cd9a7849a7d968a994ce619f190aa6b785858b56",
                "shasum": ""
            },
            "require": {
                "php": ">=5.3.9",
                "psr/log": "~1.0"
            },
            "provide": {
                "psr/log-implementation": "~1.0"
            },
            "require-dev": {
                "phpunit/phpunit": "~4.3",
                "squizlabs/php_codesniffer": "~2.0"
            },
            "type": "library",
            "extra": {
                "branch-alias": {
                    "dev-master": "1.4.x-dev"
                }
            },
            "autoload": {
                "psr-4": {
                    "Gelf\\": "src/Gelf"
                }
            },
            "notification-url": "https://packagist.org/downloads/",
            "license": [
                "MIT"
            ],
            "authors": [
                {
                    "name": "Benjamin Zikarsky",
                    "email": "benjamin@zikarsky.de"
                },
                {
                    "name": "gelf-php contributors",
                    "homepage": "https://github.com/bzikarsky/gelf-php/contributors"
                }
            ],
            "description": "A php implementation to send log-messages to a GELF compatible backend like Graylog2.",
            "time": "2016-05-30T06:23:55+00:00"
        },
        {
            "name": "mmi/mmi",
            "version": "3.4.46",
            "source": {
                "type": "git",
                "url": "https://github.com/milejko/mmi.git",
                "reference": "ee865720d4d6b2bc8b9fb156549e8540b5176dc2"
            },
            "dist": {
                "type": "zip",
                "url": "https://api.github.com/repos/milejko/mmi/zipball/ee865720d4d6b2bc8b9fb156549e8540b5176dc2",
                "reference": "ee865720d4d6b2bc8b9fb156549e8540b5176dc2",
                "shasum": ""
            },
            "require": {
                "graylog2/gelf-php": "1.4.*",
                "monolog/monolog": "1.*",
                "php": ">=5.6.0"
            },
            "require-dev": {
                "php-console/php-console": "~3.1"
            },
            "type": "library",
            "extra": {
                "branch-alias": {
                    "dev-master": "3.4-dev"
                }
            },
            "autoload": {
                "psr-4": {
                    "Mmi\\": "src/Mmi",
                    "": "src/"
                }
            },
            "notification-url": "https://packagist.org/downloads/",
            "license": [
                "MIT"
            ],
            "authors": [
                {
                    "name": "Mariusz Miłejko",
                    "email": "mariusz@milejko.pl"
                },
                {
                    "name": "Bartłomiej Wołos",
                    "email": "funfel@onet.pl"
                },
                {
                    "name": "Maciej Pawłowski",
                    "email": "mac@macu.eu"
                }
            ],
            "description": "MMi Framework Library",
            "keywords": [
                "framework",
                "mmi"
            ],
            "time": "2017-04-27T12:56:38+00:00"
        },
        {
            "name": "mmi/mmi-cms",
            "version": "2.1.44",
            "source": {
                "type": "git",
                "url": "https://github.com/milejko/mmi-cms.git",
                "reference": "feca74568f6183b6f761a75e84552149d9d7e30e"
            },
            "dist": {
                "type": "zip",
                "url": "https://api.github.com/repos/milejko/mmi-cms/zipball/feca74568f6183b6f761a75e84552149d9d7e30e",
                "reference": "feca74568f6183b6f761a75e84552149d9d7e30e",
                "shasum": ""
            },
            "require": {
                "mmi/mmi": "*",
                "php": ">=5.6.0",
                "phpmailer/phpmailer": "~5.2"
            },
            "require-dev": {
                "php-console/php-console": "~3.1"
            },
            "type": "library",
            "extra": {
                "branch-alias": {
                    "dev-master": "3.0-dev"
                }
            },
            "autoload": {
                "psr-4": {
                    "Cms\\": "src/Cms",
                    "CmsAdmin\\": "src/CmsAdmin",
                    "": "src/"
                }
            },
            "notification-url": "https://packagist.org/downloads/",
            "license": [
                "MIT"
            ],
            "authors": [
                {
                    "name": "Mariusz Miłejko",
                    "email": "mariusz@milejko.pl"
                },
                {
                    "name": "Bartłomiej Wołos",
                    "email": "funfel@onet.pl"
                },
                {
                    "name": "Maciej Pawłowski",
                    "email": "mac@macu.eu"
                }
            ],
            "description": "The CMS written with MMi Framework",
            "keywords": [
                "cms",
                "framework",
                "mmi"
            ],
            "time": "2017-05-12T08:44:52+00:00"
        },
        {
            "name": "monolog/monolog",
            "version": "1.22.1",
            "source": {
                "type": "git",
                "url": "https://github.com/Seldaek/monolog.git",
                "reference": "1e044bc4b34e91743943479f1be7a1d5eb93add0"
            },
            "dist": {
                "type": "zip",
                "url": "https://api.github.com/repos/Seldaek/monolog/zipball/1e044bc4b34e91743943479f1be7a1d5eb93add0",
                "reference": "1e044bc4b34e91743943479f1be7a1d5eb93add0",
                "shasum": ""
            },
            "require": {
                "php": ">=5.3.0",
                "psr/log": "~1.0"
            },
            "provide": {
                "psr/log-implementation": "1.0.0"
            },
            "require-dev": {
                "aws/aws-sdk-php": "^2.4.9 || ^3.0",
                "doctrine/couchdb": "~1.0@dev",
                "graylog2/gelf-php": "~1.0",
                "jakub-onderka/php-parallel-lint": "0.9",
                "php-amqplib/php-amqplib": "~2.4",
                "php-console/php-console": "^3.1.3",
                "phpunit/phpunit": "~4.5",
                "phpunit/phpunit-mock-objects": "2.3.0",
                "ruflin/elastica": ">=0.90 <3.0",
                "sentry/sentry": "^0.13",
                "swiftmailer/swiftmailer": "~5.3"
            },
            "suggest": {
                "aws/aws-sdk-php": "Allow sending log messages to AWS services like DynamoDB",
                "doctrine/couchdb": "Allow sending log messages to a CouchDB server",
                "ext-amqp": "Allow sending log messages to an AMQP server (1.0+ required)",
                "ext-mongo": "Allow sending log messages to a MongoDB server",
                "graylog2/gelf-php": "Allow sending log messages to a GrayLog2 server",
                "mongodb/mongodb": "Allow sending log messages to a MongoDB server via PHP Driver",
                "php-amqplib/php-amqplib": "Allow sending log messages to an AMQP server using php-amqplib",
                "php-console/php-console": "Allow sending log messages to Google Chrome",
                "rollbar/rollbar": "Allow sending log messages to Rollbar",
                "ruflin/elastica": "Allow sending log messages to an Elastic Search server",
                "sentry/sentry": "Allow sending log messages to a Sentry server"
            },
            "type": "library",
            "extra": {
                "branch-alias": {
                    "dev-master": "2.0.x-dev"
                }
            },
            "autoload": {
                "psr-4": {
                    "Monolog\\": "src/Monolog"
                }
            },
            "notification-url": "https://packagist.org/downloads/",
            "license": [
                "MIT"
            ],
            "authors": [
                {
                    "name": "Jordi Boggiano",
                    "email": "j.boggiano@seld.be",
                    "homepage": "http://seld.be"
                }
            ],
            "description": "Sends your logs to files, sockets, inboxes, databases and various web services",
            "homepage": "http://github.com/Seldaek/monolog",
            "keywords": [
                "log",
                "logging",
                "psr-3"
            ],
            "time": "2017-03-13T07:08:03+00:00"
        },
        {
            "name": "phpmailer/phpmailer",
            "version": "v5.2.23",
            "source": {
                "type": "git",
                "url": "https://github.com/PHPMailer/PHPMailer.git",
                "reference": "7115df4a6f76281109ebe352900c42403b728bb4"
            },
            "dist": {
                "type": "zip",
                "url": "https://api.github.com/repos/PHPMailer/PHPMailer/zipball/7115df4a6f76281109ebe352900c42403b728bb4",
                "reference": "7115df4a6f76281109ebe352900c42403b728bb4",
                "shasum": ""
            },
            "require": {
                "php": ">=5.0.0"
            },
            "require-dev": {
                "doctrine/annotations": "1.2.*",
                "jms/serializer": "0.16.*",
                "phpdocumentor/phpdocumentor": "2.*",
                "phpunit/phpunit": "4.8.*",
                "symfony/debug": "2.8.*",
                "symfony/filesystem": "2.8.*",
                "symfony/translation": "2.8.*",
                "symfony/yaml": "2.8.*",
                "zendframework/zend-cache": "2.5.1",
                "zendframework/zend-config": "2.5.1",
                "zendframework/zend-eventmanager": "2.5.1",
                "zendframework/zend-filter": "2.5.1",
                "zendframework/zend-i18n": "2.5.1",
                "zendframework/zend-json": "2.5.1",
                "zendframework/zend-math": "2.5.1",
                "zendframework/zend-serializer": "2.5.*",
                "zendframework/zend-servicemanager": "2.5.*",
                "zendframework/zend-stdlib": "2.5.1"
            },
            "suggest": {
                "league/oauth2-google": "Needed for Google XOAUTH2 authentication"
            },
            "type": "library",
            "autoload": {
                "classmap": [
                    "class.phpmailer.php",
                    "class.phpmaileroauth.php",
                    "class.phpmaileroauthgoogle.php",
                    "class.smtp.php",
                    "class.pop3.php",
                    "extras/EasyPeasyICS.php",
                    "extras/ntlm_sasl_client.php"
                ]
            },
            "notification-url": "https://packagist.org/downloads/",
            "license": [
                "LGPL-2.1"
            ],
            "authors": [
                {
                    "name": "Jim Jagielski",
                    "email": "jimjag@gmail.com"
                },
                {
                    "name": "Marcus Bointon",
                    "email": "phpmailer@synchromedia.co.uk"
                },
                {
                    "name": "Andy Prevost",
                    "email": "codeworxtech@users.sourceforge.net"
                },
                {
                    "name": "Brent R. Matzelle"
                }
            ],
            "description": "PHPMailer is a full-featured email creation and transfer class for PHP",
            "time": "2017-03-15T19:32:56+00:00"
        },
        {
            "name": "psr/log",
            "version": "1.0.2",
            "source": {
                "type": "git",
                "url": "https://github.com/php-fig/log.git",
                "reference": "4ebe3a8bf773a19edfe0a84b6585ba3d401b724d"
            },
            "dist": {
                "type": "zip",
                "url": "https://api.github.com/repos/php-fig/log/zipball/4ebe3a8bf773a19edfe0a84b6585ba3d401b724d",
                "reference": "4ebe3a8bf773a19edfe0a84b6585ba3d401b724d",
                "shasum": ""
            },
            "require": {
                "php": ">=5.3.0"
            },
            "type": "library",
            "extra": {
                "branch-alias": {
                    "dev-master": "1.0.x-dev"
                }
            },
            "autoload": {
                "psr-4": {
                    "Psr\\Log\\": "Psr/Log/"
                }
            },
            "notification-url": "https://packagist.org/downloads/",
            "license": [
                "MIT"
            ],
            "authors": [
                {
                    "name": "PHP-FIG",
                    "homepage": "http://www.php-fig.org/"
                }
            ],
            "description": "Common interface for logging libraries",
            "homepage": "https://github.com/php-fig/log",
            "keywords": [
                "log",
                "psr",
                "psr-3"
            ],
            "time": "2016-10-10T12:19:37+00:00"
        }
    ],
    "packages-dev": [],
    "aliases": [],
    "minimum-stability": "stable",
    "stability-flags": [],
    "prefer-stable": false,
    "prefer-lowest": false,
    "platform": [],
    "platform-dev": []
}
